
Microsoft Visual Studio Solution File, Format Version 12.00
# Visual Studio Version 16
VisualStudioVersion = 16.0.30523.141
MinimumVisualStudioVersion = 10.0.40219.1
Project("{FAE04EC0-301F-11D3-BF4B-00C04F79EFBC}") = "UITMBER.Api", "UITMBER.Api\UITMBER.Api.csproj", "{3734D43F-148A-4A84-B3DB-4350D0372762}"
EndProject
Global
	GlobalSection(SolutionConfigurationPlatforms) = preSolution
		Debug|Any CPU = Debug|Any CPU
		Release|Any CPU = Release|Any CPU
	EndGlobalSection
	GlobalSection(ProjectConfigurationPlatforms) = postSolution
		{3734D43F-148A-4A84-B3DB-4350D0372762}.Debug|Any CPU.ActiveCfg = Debug|Any CPU
		{3734D43F-148A-4A84-B3DB-4350D0372762}.Debug|Any CPU.Build.0 = Debug|Any CPU
		{3734D43F-148A-4A84-B3DB-4350D0372762}.Release|Any CPU.ActiveCfg = Release|Any CPU
		{3734D43F-148A-4A84-B3DB-4350D0372762}.Release|Any CPU.Build.0 = Release|Any CPU
	EndGlobalSection
	GlobalSection(SolutionProperties) = preSolution
		HideSolutionNode = FALSE
	EndGlobalSection
	GlobalSection(ExtensibilityGlobals) = postSolution
		SolutionGuid = {A8E276B7-47D3-4B56-8154-D0A4BA51CE72}
	EndGlobalSection
EndGlobal
